{
  "name": "@azm/mrm-task-gitignore",
  "version": "1.0.1",
  "lockfileVersion": 1,
  "requires": true,
  "dependencies": {
    "ansi-regex": {
      "version": "2.1.1",
      "resolved": "https://registry.npm.taobao.org/ansi-regex/download/ansi-regex-2.1.1.tgz?cache=0&sync_timestamp=1570188663907&other_urls=https%3A%2F%2Fregistry.npm.taobao.org%2Fansi-regex%2Fdownload%2Fansi-regex-2.1.1.tgz",
      "integrity": "sha1-w7M6te42DYbg5ijwRorn7yfWVN8="
    },
    "ansi-styles": {
      "version": "2.2.1",
      "resolved": "https://registry.npm.taobao.org/ansi-styles/download/ansi-styles-2.2.1.tgz?cache=0&sync_timestamp=1611325747047&other_urls=https%3A%2F%2Fregistry.npm.taobao.org%2Fansi-styles%2Fdownload%2Fansi-styles-2.2.1.tgz",
      "integrity": "sha1-tDLdM1i2NM914eRmQ2gkBTPB3b4="
    },
    "argparse": {
      "version": "1.0.10",
      "resolved": "https://registry.npm.taobao.org/argparse/download/argparse-1.0.10.tgz?cache=0&sync_timestamp=1598649734444&other_urls=https%3A%2F%2Fregistry.npm.taobao.org%2Fargparse%2Fdownload%2Fargparse-1.0.10.tgz",
      "integrity": "sha1-vNZ5HqWuCXJeF+WtmIE0zUCz2RE=",
      "requires": {
        "sprintf-js": "~1.0.2"
      }
    },
    "babel-code-frame": {
      "version": "6.26.0",
      "resolved": "http://registry.npm.taobao.org/babel-code-frame/download/babel-code-frame-6.26.0.tgz",
      "integrity": "sha1-Y/1D99weO7fONZR9uP42mj9Yx0s=",
      "requires": {
        "chalk": "^1.1.3",
        "esutils": "^2.0.2",
        "js-tokens": "^3.0.2"
      }
    },
    "balanced-match": {
      "version": "1.0.0",
      "resolved": "http://registry.npm.taobao.org/balanced-match/download/balanced-match-1.0.0.tgz",
      "integrity": "sha1-ibTRmasr7kneFk6gK4nORi1xt2c="
    },
    "chalk": {
      "version": "1.1.3",
      "resolved": "https://registry.npm.taobao.org/chalk/download/chalk-1.1.3.tgz",
      "integrity": "sha1-qBFcVeSnAv5NFQq9OHKCKn4J/Jg=",
      "requires": {
        "ansi-styles": "^2.2.1",
        "escape-string-regexp": "^1.0.2",
        "has-ansi": "^2.0.0",
        "strip-ansi": "^3.0.0",
        "supports-color": "^2.0.0"
      }
    },
    "commander": {
      "version": "2.20.3",
      "resolved": "https://registry.npm.taobao.org/commander/download/commander-2.20.3.tgz?cache=0&sync_timestamp=1610702151695&other_urls=https%3A%2F%2Fregistry.npm.taobao.org%2Fcommander%2Fdownload%2Fcommander-2.20.3.tgz",
      "integrity": "sha1-/UhehMA+tIgcIHIrpIA16FMa6zM="
    },
    "comment-json": {
      "version": "1.1.3",
      "resolved": "https://registry.npm.taobao.org/comment-json/download/comment-json-1.1.3.tgz",
      "integrity": "sha1-aYbDMw/uDEyeAMI5jNYa+l2PI54=",
      "requires": {
        "json-parser": "^1.0.0"
      }
    },
    "detect-indent": {
      "version": "5.0.0",
      "resolved": "https://registry.npm.taobao.org/detect-indent/download/detect-indent-5.0.0.tgz",
      "integrity": "sha1-OHHMCmoALow+Wzz38zYmRnXwa50="
    },
    "editorconfig": {
      "version": "0.15.3",
      "resolved": "https://registry.npm.taobao.org/editorconfig/download/editorconfig-0.15.3.tgz",
      "integrity": "sha1-vvhMTnX7jcsM5c7o79UcFZmb78U=",
      "requires": {
        "commander": "^2.19.0",
        "lru-cache": "^4.1.5",
        "semver": "^5.6.0",
        "sigmund": "^1.0.1"
      }
    },
    "escape-string-regexp": {
      "version": "1.0.5",
      "resolved": "https://registry.npm.taobao.org/escape-string-regexp/download/escape-string-regexp-1.0.5.tgz",
      "integrity": "sha1-G2HAViGQqN/2rjuyzwIAyhMLhtQ="
    },
    "esprima": {
      "version": "2.7.3",
      "resolved": "http://registry.npm.taobao.org/esprima/download/esprima-2.7.3.tgz",
      "integrity": "sha1-luO3DVd59q1JzQMmc9HDEnZ7pYE="
    },
    "esutils": {
      "version": "2.0.3",
      "resolved": "https://registry.npm.taobao.org/esutils/download/esutils-2.0.3.tgz",
      "integrity": "sha1-dNLrTeC42hKTcRkQ1Qd1ubcQ72Q="
    },
    "extend": {
      "version": "3.0.2",
      "resolved": "http://registry.npm.taobao.org/extend/download/extend-3.0.2.tgz",
      "integrity": "sha1-+LETa0Bx+9jrFAr/hYsQGewpFfo="
    },
    "find-up": {
      "version": "3.0.0",
      "resolved": "https://registry.npm.taobao.org/find-up/download/find-up-3.0.0.tgz?cache=0&sync_timestamp=1597169842138&other_urls=https%3A%2F%2Fregistry.npm.taobao.org%2Ffind-up%2Fdownload%2Ffind-up-3.0.0.tgz",
      "integrity": "sha1-SRafHXmTQwZG2mHsxa41XCHJe3M=",
      "requires": {
        "locate-path": "^3.0.0"
      }
    },
    "fs-extra": {
      "version": "7.0.1",
      "resolved": "https://registry.npm.taobao.org/fs-extra/download/fs-extra-7.0.1.tgz?cache=0&sync_timestamp=1611075469998&other_urls=https%3A%2F%2Fregistry.npm.taobao.org%2Ffs-extra%2Fdownload%2Ffs-extra-7.0.1.tgz",
      "integrity": "sha1-TxicRKoSO4lfcigE9V6iPq3DSOk=",
      "requires": {
        "graceful-fs": "^4.1.2",
        "jsonfile": "^4.0.0",
        "universalify": "^0.1.0"
      }
    },
    "graceful-fs": {
      "version": "4.2.5",
      "resolved": "https://registry.npm.taobao.org/graceful-fs/download/graceful-fs-4.2.5.tgz?cache=0&other_urls=https%3A%2F%2Fregistry.npm.taobao.org%2Fgraceful-fs%2Fdownload%2Fgraceful-fs-4.2.5.tgz",
      "integrity": "sha1-vBiGSmyfx7MD8uKr25FVrRePvik="
    },
    "has-ansi": {
      "version": "2.0.0",
      "resolved": "https://registry.npm.taobao.org/has-ansi/download/has-ansi-2.0.0.tgz?cache=0&sync_timestamp=1568144533484&other_urls=https%3A%2F%2Fregistry.npm.taobao.org%2Fhas-ansi%2Fdownload%2Fhas-ansi-2.0.0.tgz",
      "integrity": "sha1-NPUEnOHs3ysGSa8+8k5F7TVBbZE=",
      "requires": {
        "ansi-regex": "^2.0.0"
      }
    },
    "js-tokens": {
      "version": "3.0.2",
      "resolved": "https://registry.npm.taobao.org/js-tokens/download/js-tokens-3.0.2.tgz?cache=0&sync_timestamp=1586796260005&other_urls=https%3A%2F%2Fregistry.npm.taobao.org%2Fjs-tokens%2Fdownload%2Fjs-tokens-3.0.2.tgz",
      "integrity": "sha1-mGbfOVECEw449/mWvOtlRDIJwls="
    },
    "js-yaml": {
      "version": "3.14.1",
      "resolved": "https://registry.npm.taobao.org/js-yaml/download/js-yaml-3.14.1.tgz?cache=0&sync_timestamp=1609680108107&other_urls=https%3A%2F%2Fregistry.npm.taobao.org%2Fjs-yaml%2Fdownload%2Fjs-yaml-3.14.1.tgz",
      "integrity": "sha1-2ugS/bOCX6MGYJqHFzg8UMNqBTc=",
      "requires": {
        "argparse": "^1.0.7",
        "esprima": "^4.0.0"
      },
      "dependencies": {
        "esprima": {
          "version": "4.0.1",
          "resolved": "http://registry.npm.taobao.org/esprima/download/esprima-4.0.1.tgz",
          "integrity": "sha1-E7BM2z5sXRnfkatph6hpVhmwqnE="
        }
      }
    },
    "json-parser": {
      "version": "1.1.5",
      "resolved": "https://registry.npm.taobao.org/json-parser/download/json-parser-1.1.5.tgz",
      "integrity": "sha1-5i7FJh0aal/CDoEqMgdAxtkAVnc=",
      "requires": {
        "esprima": "^2.7.0"
      }
    },
    "jsonfile": {
      "version": "4.0.0",
      "resolved": "https://registry.npm.taobao.org/jsonfile/download/jsonfile-4.0.0.tgz?cache=0&sync_timestamp=1604161797011&other_urls=https%3A%2F%2Fregistry.npm.taobao.org%2Fjsonfile%2Fdownload%2Fjsonfile-4.0.0.tgz",
      "integrity": "sha1-h3Gq4HmbZAdrdmQPygWPnBDjPss=",
      "requires": {
        "graceful-fs": "^4.1.6"
      }
    },
    "kleur": {
      "version": "2.0.2",
      "resolved": "https://registry.npm.taobao.org/kleur/download/kleur-2.0.2.tgz?cache=0&sync_timestamp=1611347662017&other_urls=https%3A%2F%2Fregistry.npm.taobao.org%2Fkleur%2Fdownload%2Fkleur-2.0.2.tgz",
      "integrity": "sha1-twT0lE2V4lXQOPDLBfuKYCxVowA="
    },
    "listify": {
      "version": "1.0.3",
      "resolved": "https://registry.npm.taobao.org/listify/download/listify-1.0.3.tgz",
      "integrity": "sha1-qTNaw1HD0a6lFUlO10aXbuuSJIs="
    },
    "locate-path": {
      "version": "3.0.0",
      "resolved": "https://registry.npm.taobao.org/locate-path/download/locate-path-3.0.0.tgz",
      "integrity": "sha1-2+w7OrdZdYBxtY/ln8QYca8hQA4=",
      "requires": {
        "p-locate": "^3.0.0",
        "path-exists": "^3.0.0"
      }
    },
    "lodash": {
      "version": "4.17.20",
      "resolved": "https://registry.npm.taobao.org/lodash/download/lodash-4.17.20.tgz",
      "integrity": "sha1-tEqbYpe8tpjxxRo1RaKzs2jVnFI="
    },
    "lru-cache": {
      "version": "4.1.5",
      "resolved": "https://registry.npm.taobao.org/lru-cache/download/lru-cache-4.1.5.tgz?cache=0&sync_timestamp=1594427582110&other_urls=https%3A%2F%2Fregistry.npm.taobao.org%2Flru-cache%2Fdownload%2Flru-cache-4.1.5.tgz",
      "integrity": "sha1-i75Q6oW+1ZvJ4z3KuCNe6bz0Q80=",
      "requires": {
        "pseudomap": "^1.0.2",
        "yallist": "^2.1.2"
      }
    },
    "minimist": {
      "version": "1.2.6",
      "resolved": "https://registry.npmjs.org/minimist/-/minimist-1.2.6.tgz",
      "integrity": "sha512-Jsjnk4bw3YJqYzbdyBiNsPWHPfO++UGG749Cxs6peCu5Xg4nrena6OVxOYxrQTqww0Jmwt+Ref8rggumkTLz9Q=="
    },
    "mrm-core": {
      "version": "3.3.4",
      "resolved": "https://registry.npm.taobao.org/mrm-core/download/mrm-core-3.3.4.tgz",
      "integrity": "sha1-DyOyjDLglyOVlnh3H0F7qMYgnkg=",
      "requires": {
        "babel-code-frame": "^6.26.0",
        "comment-json": "^1.1.3",
        "detect-indent": "^5.0.0",
        "editorconfig": "^0.15.0",
        "find-up": "^3.0.0",
        "fs-extra": "^7.0.0",
        "js-yaml": "^3.13.0",
        "kleur": "^2.0.2",
        "listify": "^1.0.0",
        "lodash": "^4.17.11",
        "minimist": "^1.2.0",
        "prop-ini": "^0.0.2",
        "readme-badger": "^0.3.0",
        "semver": "^5.5.1",
        "smpltmpl": "^1.0.2",
        "split-lines": "^2.0.0",
        "strip-bom": "^3.0.0",
        "webpack-merge": "^4.2.1"
      }
    },
    "p-limit": {
      "version": "2.3.0",
      "resolved": "https://registry.npm.taobao.org/p-limit/download/p-limit-2.3.0.tgz?cache=0&sync_timestamp=1606290276843&other_urls=https%3A%2F%2Fregistry.npm.taobao.org%2Fp-limit%2Fdownload%2Fp-limit-2.3.0.tgz",
      "integrity": "sha1-PdM8ZHohT9//2DWTPrCG2g3CHbE=",
      "requires": {
        "p-try": "^2.0.0"
      }
    },
    "p-locate": {
      "version": "3.0.0",
      "resolved": "https://registry.npm.taobao.org/p-locate/download/p-locate-3.0.0.tgz",
      "integrity": "sha1-Mi1poFwCZLJZl9n0DNiokasAZKQ=",
      "requires": {
        "p-limit": "^2.0.0"
      }
    },
    "p-try": {
      "version": "2.2.0",
      "resolved": "https://registry.npm.taobao.org/p-try/download/p-try-2.2.0.tgz",
      "integrity": "sha1-yyhoVA4xPWHeWPr741zpAE1VQOY="
    },
    "path-exists": {
      "version": "3.0.0",
      "resolved": "https://registry.npm.taobao.org/path-exists/download/path-exists-3.0.0.tgz",
      "integrity": "sha1-zg6+ql94yxiSXqfYENe1mwEP1RU="
    },
    "prop-ini": {
      "version": "0.0.2",
      "resolved": "https://registry.npm.taobao.org/prop-ini/download/prop-ini-0.0.2.tgz",
      "integrity": "sha1-ZzOny1JCrKsr5C5gdYPYEksXKls=",
      "requires": {
        "extend": "^3.0.0"
      }
    },
    "pseudomap": {
      "version": "1.0.2",
      "resolved": "http://registry.npm.taobao.org/pseudomap/download/pseudomap-1.0.2.tgz",
      "integrity": "sha1-8FKijacOYYkX7wqKw0wa5aaChrM="
    },
    "readme-badger": {
      "version": "0.3.0",
      "resolved": "https://registry.npm.taobao.org/readme-badger/download/readme-badger-0.3.0.tgz",
      "integrity": "sha1-hwB/PD4MRF5UUTSjBdjjBo/pzW4=",
      "requires": {
        "balanced-match": "^1.0.0"
      }
    },
    "semver": {
      "version": "5.7.1",
      "resolved": "https://registry.npm.taobao.org/semver/download/semver-5.7.1.tgz?cache=0&sync_timestamp=1606852064928&other_urls=https%3A%2F%2Fregistry.npm.taobao.org%2Fsemver%2Fdownload%2Fsemver-5.7.1.tgz",
      "integrity": "sha1-qVT5Ma66UI0we78Gnv8MAclhFvc="
    },
    "sigmund": {
      "version": "1.0.1",
      "resolved": "https://registry.npm.taobao.org/sigmund/download/sigmund-1.0.1.tgz",
      "integrity": "sha1-P/IfGYytIXX587eBhT/ZTQ0ZtZA="
    },
    "smpltmpl": {
      "version": "1.0.2",
      "resolved": "https://registry.npm.taobao.org/smpltmpl/download/smpltmpl-1.0.2.tgz",
      "integrity": "sha1-tunQ7tq3gnRVxGyY+4uVBa5tSoI=",
      "requires": {
        "babel-code-frame": "^6.26.0"
      }
    },
    "split-lines": {
      "version": "2.0.0",
      "resolved": "https://registry.npm.taobao.org/split-lines/download/split-lines-2.0.0.tgz",
      "integrity": "sha1-E/Qs34zw0/XT/teXuAmGFowG3vw="
    },
    "sprintf-js": {
      "version": "1.0.3",
      "resolved": "http://registry.npm.taobao.org/sprintf-js/download/sprintf-js-1.0.3.tgz",
      "integrity": "sha1-BOaSb2YolTVPPdAVIDYzuFcpfiw="
    },
    "strip-ansi": {
      "version": "3.0.1",
      "resolved": "https://registry.npm.taobao.org/strip-ansi/download/strip-ansi-3.0.1.tgz?cache=0&sync_timestamp=1573280518303&other_urls=https%3A%2F%2Fregistry.npm.taobao.org%2Fstrip-ansi%2Fdownload%2Fstrip-ansi-3.0.1.tgz",
      "integrity": "sha1-ajhfuIU9lS1f8F0Oiq+UJ43GPc8=",
      "requires": {
        "ansi-regex": "^2.0.0"
      }
    },
    "strip-bom": {
      "version": "3.0.0",
      "resolved": "https://registry.npm.taobao.org/strip-bom/download/strip-bom-3.0.0.tgz",
      "integrity": "sha1-IzTBjpx1n3vdVv3vfprj1YjmjtM="
    },
    "supports-color": {
      "version": "2.0.0",
      "resolved": "https://registry.npm.taobao.org/supports-color/download/supports-color-2.0.0.tgz?cache=0&sync_timestamp=1611393963969&other_urls=https%3A%2F%2Fregistry.npm.taobao.org%2Fsupports-color%2Fdownload%2Fsupports-color-2.0.0.tgz",
      "integrity": "sha1-U10EXOa2Nj+kARcIRimZXp3zJMc="
    },
    "universalify": {
      "version": "0.1.2",
      "resolved": "https://registry.npm.taobao.org/universalify/download/universalify-0.1.2.tgz?cache=0&sync_timestamp=1603179967633&other_urls=https%3A%2F%2Fregistry.npm.taobao.org%2Funiversalify%2Fdownload%2Funiversalify-0.1.2.tgz",
      "integrity": "sha1-tkb2m+OULavOzJ1mOcgNwQXvqmY="
    },
    "webpack-merge": {
      "version": "4.2.2",
      "resolved": "https://registry.npm.taobao.org/webpack-merge/download/webpack-merge-4.2.2.tgz?cache=0&sync_timestamp=1608705550275&other_urls=https%3A%2F%2Fregistry.npm.taobao.org%2Fwebpack-merge%2Fdownload%2Fwebpack-merge-4.2.2.tgz",
      "integrity": "sha1-onxS6ng9E5iv0gh/VH17nS9DY00=",
      "requires": {
        "lodash": "^4.17.15"
      }
    },
    "yallist": {
      "version": "2.1.2",
      "resolved": "https://registry.npm.taobao.org/yallist/download/yallist-2.1.2.tgz",
      "integrity": "sha1-HBH5IY8HYImkfdUS+TxmmaaoHVI="
    }
  }
}
